{
    "name": "quicktype-core",
    "version": "1.0.0",
    "lockfileVersion": 1,
    "requires": true,
    "dependencies": {
        "@types/chance": {
            "version": "1.0.0",
            "resolved": "https://registry.npmjs.org/@types/chance/-/chance-1.0.0.tgz",
            "integrity": "sha512-RIiV+7xaadQlwbhImg8cywyCFzgiXhXYygSYmTJYOMCNDgq4TdcwJgnRC9rNWXjOvjiD5VmXxxKj7nMOmCnQvw==",
            "dev": true
        },
        "@types/graphql": {
            "version": "0.11.8",
            "resolved": "https://registry.npmjs.org/@types/graphql/-/graphql-0.11.8.tgz",
            "integrity": "sha512-xGWx4kx9JKlqxDrZA12gw5qi2lvxPNLxnQQcoTXVX83MuGcXcpb7TADatGyGW51GaaXQOQTbjw3x4HuL3ULBaA==",
            "dev": true
        },
        "@types/handlebars": {
            "version": "4.0.37",
            "resolved": "https://registry.npmjs.org/@types/handlebars/-/handlebars-4.0.37.tgz",
            "integrity": "sha512-c/g99PQsJEFYdK3LT1qgPAZ61fu/oFOaEhov/6ZuUNMi1xQFbAOSThlX8fAQLf+QoGXtyv4S39OjIRXf3HkBtw==",
            "dev": true
        },
        "@types/js-base64": {
            "version": "2.3.1",
            "resolved": "https://registry.npmjs.org/@types/js-base64/-/js-base64-2.3.1.tgz",
            "integrity": "sha512-4RKbhIDGC87s4EBy2Cp2/5S2O6kmCRcZnD5KRCq1q9z2GhBte1+BdsfVKCpG8yKpDGNyEE2G6IqFIh6W2YwWPA==",
            "dev": true
        },
        "@types/lodash": {
            "version": "4.14.108",
            "resolved": "https://registry.npmjs.org/@types/lodash/-/lodash-4.14.108.tgz",
            "integrity": "sha512-WD2vUOKfBBVHxWUV9iMR9RMfpuf8HquxWeAq2yqGVL7Nc4JW2+sQama0pREMqzNI3Tutj0PyxYUJwuoxxvX+xA==",
            "dev": true
        },
        "@types/node": {
            "version": "8.10.13",
            "resolved": "https://registry.npmjs.org/@types/node/-/node-8.10.13.tgz",
            "integrity": "sha512-AorNXRHoPVxIUIVmr6uJXRnvlPOSNKAJF5jZ1JOj1/IxYMocZzvQooNeLU02Db6kpy1IVIySTOvuIxmUF1HrOg==",
            "dev": true
        },
        "@types/pako": {
            "version": "1.0.0",
            "resolved": "https://registry.npmjs.org/@types/pako/-/pako-1.0.0.tgz",
            "integrity": "sha1-6q6DZNG391LiY7w/1o3+yY5hNsU=",
            "dev": true
        },
        "@types/pluralize": {
            "version": "0.0.28",
            "resolved": "https://registry.npmjs.org/@types/pluralize/-/pluralize-0.0.28.tgz",
            "integrity": "sha512-WR/XtQMjTx4phclpWhfuoFURYPOwiBZD89gCCTG6RETzE70AZPAGGJ0h/t+a/E27MCVf1s2Z+wvH1pVTyckIcA==",
            "dev": true
        },
        "@types/urijs": {
            "version": "github:quicktype/types-urijs#a23603a04e31e883a92244bff8515e3d841a8b98",
            "dev": true
        },
        "acorn": {
            "version": "5.5.3",
            "resolved": "https://registry.npmjs.org/acorn/-/acorn-5.5.3.tgz",
            "integrity": "sha512-jd5MkIUlbbmb07nXH0DT3y7rDVtkzDi4XZOUVWAer8ajmF/DTSSbl5oNFyDOl/OXA33Bl79+ypHhl2pN20VeOQ=="
        },
        "align-text": {
            "version": "0.1.4",
            "resolved": "https://registry.npmjs.org/align-text/-/align-text-0.1.4.tgz",
            "integrity": "sha1-DNkKVhCT810KmSVsIrcGlDP60Rc=",
            "requires": {
                "kind-of": "3.2.2",
                "longest": "1.0.1",
                "repeat-string": "1.6.1"
            }
        },
        "amdefine": {
            "version": "1.0.1",
            "resolved": "https://registry.npmjs.org/amdefine/-/amdefine-1.0.1.tgz",
            "integrity": "sha1-SlKCrBZHKek2Gbz9OtFR+BfOkfU="
        },
        "ansi-regex": {
            "version": "2.1.1",
            "resolved": "https://registry.npmjs.org/ansi-regex/-/ansi-regex-2.1.1.tgz",
            "integrity": "sha1-w7M6te42DYbg5ijwRorn7yfWVN8=",
            "dev": true
        },
        "ansi-styles": {
            "version": "2.2.1",
            "resolved": "https://registry.npmjs.org/ansi-styles/-/ansi-styles-2.2.1.tgz",
            "integrity": "sha1-tDLdM1i2NM914eRmQ2gkBTPB3b4=",
            "dev": true
        },
        "argparse": {
            "version": "1.0.10",
            "resolved": "https://registry.npmjs.org/argparse/-/argparse-1.0.10.tgz",
            "integrity": "sha512-o5Roy6tNG4SL/FOkCAN6RzjiakZS25RLYFrcMttJqbdd8BWrnA+fGz57iN5Pb06pvBGvl5gQ0B48dJlslXvoTg==",
            "dev": true,
            "requires": {
                "sprintf-js": "1.0.3"
            }
        },
        "async": {
            "version": "1.5.2",
            "resolved": "https://registry.npmjs.org/async/-/async-1.5.2.tgz",
            "integrity": "sha1-7GphrlZIDAw8skHJVhjiCJL5Zyo="
        },
        "babel-code-frame": {
            "version": "6.26.0",
            "resolved": "https://registry.npmjs.org/babel-code-frame/-/babel-code-frame-6.26.0.tgz",
            "integrity": "sha1-Y/1D99weO7fONZR9uP42mj9Yx0s=",
            "dev": true,
            "requires": {
                "chalk": "1.1.3",
                "esutils": "2.0.2",
                "js-tokens": "3.0.2"
            },
            "dependencies": {
                "chalk": {
                    "version": "1.1.3",
                    "resolved": "https://registry.npmjs.org/chalk/-/chalk-1.1.3.tgz",
                    "integrity": "sha1-qBFcVeSnAv5NFQq9OHKCKn4J/Jg=",
                    "dev": true,
                    "requires": {
                        "ansi-styles": "2.2.1",
                        "escape-string-regexp": "1.0.5",
                        "has-ansi": "2.0.0",
                        "strip-ansi": "3.0.1",
                        "supports-color": "2.0.0"
                    }
                }
            }
        },
        "balanced-match": {
            "version": "1.0.0",
            "resolved": "https://registry.npmjs.org/balanced-match/-/balanced-match-1.0.0.tgz",
            "integrity": "sha1-ibTRmasr7kneFk6gK4nORi1xt2c=",
            "dev": true
        },
        "brace-expansion": {
            "version": "1.1.11",
            "resolved": "https://registry.npmjs.org/brace-expansion/-/brace-expansion-1.1.11.tgz",
            "integrity": "sha512-iCuPHDFgrHX7H2vEI/5xpz07zSHB00TpugqhmYtVmMO6518mCuRMoOYFldEBl0g187ufozdaHgWKcYFb61qGiA==",
            "dev": true,
            "requires": {
                "balanced-match": "1.0.0",
                "concat-map": "0.0.1"
            }
        },
        "brfs": {
            "version": "1.6.1",
            "resolved": "https://registry.npmjs.org/brfs/-/brfs-1.6.1.tgz",
            "integrity": "sha512-OfZpABRQQf+Xsmju8XE9bDjs+uU4vLREGolP7bDgcpsI17QREyZ4Bl+2KLxxx1kCgA0fAIhKQBaBYh+PEcCqYQ==",
            "requires": {
                "quote-stream": "1.0.2",
                "resolve": "1.7.1",
                "static-module": "2.2.4",
                "through2": "2.0.3"
            }
        },
        "buffer-equal": {
            "version": "0.0.1",
            "resolved": "https://registry.npmjs.org/buffer-equal/-/buffer-equal-0.0.1.tgz",
            "integrity": "sha1-kbx0sR6kBbyRa8aqkI+q+ltKrEs="
        },
        "buffer-from": {
            "version": "1.0.0",
            "resolved": "https://registry.npmjs.org/buffer-from/-/buffer-from-1.0.0.tgz",
            "integrity": "sha512-83apNb8KK0Se60UE1+4Ukbe3HbfELJ6UlI4ldtOGs7So4KD26orJM8hIY9lxdzP+UpItH1Yh/Y8GUvNFWFFRxA=="
        },
        "builtin-modules": {
            "version": "1.1.1",
            "resolved": "https://registry.npmjs.org/builtin-modules/-/builtin-modules-1.1.1.tgz",
            "integrity": "sha1-Jw8HbFpywC9bZaR9+Uxf46J4iS8=",
            "dev": true
        },
        "camelcase": {
            "version": "1.2.1",
            "resolved": "https://registry.npmjs.org/camelcase/-/camelcase-1.2.1.tgz",
            "integrity": "sha1-m7UwTS4LVmmLLHWLCKPqqdqlijk=",
            "optional": true
        },
        "center-align": {
            "version": "0.1.3",
            "resolved": "https://registry.npmjs.org/center-align/-/center-align-0.1.3.tgz",
            "integrity": "sha1-qg0yYptu6XIgBBHL1EYckHvCt60=",
            "optional": true,
            "requires": {
                "align-text": "0.1.4",
                "lazy-cache": "1.0.4"
            }
        },
        "chalk": {
            "version": "2.4.1",
            "resolved": "https://registry.npmjs.org/chalk/-/chalk-2.4.1.tgz",
            "integrity": "sha512-ObN6h1v2fTJSmUXoS3nMQ92LbDK9be4TV+6G+omQlGJFdcUX5heKi1LZ1YnRMIgwTLEj3E24bT6tYni50rlCfQ==",
            "dev": true,
            "requires": {
                "ansi-styles": "3.2.1",
                "escape-string-regexp": "1.0.5",
                "supports-color": "5.4.0"
            },
            "dependencies": {
                "ansi-styles": {
                    "version": "3.2.1",
                    "resolved": "https://registry.npmjs.org/ansi-styles/-/ansi-styles-3.2.1.tgz",
                    "integrity": "sha512-VT0ZI6kZRdTh8YyJw3SMbYm/u+NqfsAxEpWO0Pf9sq8/e94WxxOpPKx9FR1FlyCtOVDNOQ+8ntlqFxiRc+r5qA==",
                    "dev": true,
                    "requires": {
                        "color-convert": "1.9.1"
                    }
                },
                "supports-color": {
                    "version": "5.4.0",
                    "resolved": "https://registry.npmjs.org/supports-color/-/supports-color-5.4.0.tgz",
                    "integrity": "sha512-zjaXglF5nnWpsq470jSv6P9DwPvgLkuapYmfDm3JWOm0vkNTVF2tI4UrN2r6jH1qM/uc/WtxYY1hYoA2dOKj5w==",
                    "dev": true,
                    "requires": {
                        "has-flag": "3.0.0"
                    }
                }
            }
        },
        "chance": {
            "version": "1.0.16",
            "resolved": "https://registry.npmjs.org/chance/-/chance-1.0.16.tgz",
            "integrity": "sha512-2bgDHH5bVfAXH05SPtjqrsASzZ7h90yCuYT2z4mkYpxxYvJXiIydBFzVieVHZx7wLH1Ag2Azaaej2/zA1XUrNQ=="
        },
        "cliui": {
            "version": "2.1.0",
            "resolved": "https://registry.npmjs.org/cliui/-/cliui-2.1.0.tgz",
            "integrity": "sha1-S0dXYP+AJkx2LDoXGQMukcf+oNE=",
            "optional": true,
            "requires": {
                "center-align": "0.1.3",
                "right-align": "0.1.3",
                "wordwrap": "0.0.2"
            },
            "dependencies": {
                "wordwrap": {
                    "version": "0.0.2",
                    "resolved": "https://registry.npmjs.org/wordwrap/-/wordwrap-0.0.2.tgz",
                    "integrity": "sha1-t5Zpu0LstAn4PVg8rVLKF+qhZD8=",
                    "optional": true
                }
            }
        },
        "color-convert": {
            "version": "1.9.1",
            "resolved": "https://registry.npmjs.org/color-convert/-/color-convert-1.9.1.tgz",
            "integrity": "sha512-mjGanIiwQJskCC18rPR6OmrZ6fm2Lc7PeGFYwCmy5J34wC6F1PzdGL6xeMfmgicfYcNLGuVFA3WzXtIDCQSZxQ==",
            "dev": true,
            "requires": {
                "color-name": "1.1.3"
            }
        },
        "color-name": {
            "version": "1.1.3",
            "resolved": "https://registry.npmjs.org/color-name/-/color-name-1.1.3.tgz",
            "integrity": "sha1-p9BVi9icQveV3UIyj3QIMcpTvCU=",
            "dev": true
        },
        "commander": {
            "version": "2.15.1",
            "resolved": "https://registry.npmjs.org/commander/-/commander-2.15.1.tgz",
            "integrity": "sha512-VlfT9F3V0v+jr4yxPc5gg9s62/fIVWsd2Bk2iD435um1NlGMYdVCq+MjcXnhYq2icNOizHr1kK+5TI6H0Hy0ag==",
            "dev": true
        },
        "concat-map": {
            "version": "0.0.1",
            "resolved": "https://registry.npmjs.org/concat-map/-/concat-map-0.0.1.tgz",
            "integrity": "sha1-2Klr13/Wjfd5OnMDajug1UBdR3s=",
            "dev": true
        },
        "concat-stream": {
            "version": "1.6.2",
            "resolved": "https://registry.npmjs.org/concat-stream/-/concat-stream-1.6.2.tgz",
            "integrity": "sha512-27HBghJxjiZtIk3Ycvn/4kbJk/1uZuJFfuPEns6LaEvpvG1f0hTea8lilrouyo9mVc2GWdcEZ8OLoGmSADlrCw==",
            "requires": {
                "buffer-from": "1.0.0",
                "inherits": "2.0.3",
                "readable-stream": "2.3.6",
                "typedarray": "0.0.6"
            }
        },
        "convert-source-map": {
            "version": "1.5.1",
            "resolved": "https://registry.npmjs.org/convert-source-map/-/convert-source-map-1.5.1.tgz",
            "integrity": "sha1-uCeAl7m8IpNl3lxiz1/K7YtVmeU="
        },
        "core-util-is": {
            "version": "1.0.2",
            "resolved": "https://registry.npmjs.org/core-util-is/-/core-util-is-1.0.2.tgz",
            "integrity": "sha1-tf1UIgqivFq1eqtxQMlAdUUDwac="
        },
        "decamelize": {
            "version": "1.2.0",
            "resolved": "https://registry.npmjs.org/decamelize/-/decamelize-1.2.0.tgz",
            "integrity": "sha1-9lNNFRSCabIDUue+4m9QH5oZEpA=",
            "optional": true
        },
        "deep-is": {
            "version": "0.1.3",
            "resolved": "https://registry.npmjs.org/deep-is/-/deep-is-0.1.3.tgz",
            "integrity": "sha1-s2nW+128E+7PUk+RsHD+7cNXzzQ="
        },
        "diff": {
            "version": "3.5.0",
            "resolved": "https://registry.npmjs.org/diff/-/diff-3.5.0.tgz",
            "integrity": "sha512-A46qtFgd+g7pDZinpnwiRJtxbC1hpgf0uzP3iG89scHk0AUC7A1TGxf5OiiOUv/JMZR8GOt8hL900hV0bOy5xA==",
            "dev": true
        },
        "duplexer2": {
            "version": "0.1.4",
            "resolved": "https://registry.npmjs.org/duplexer2/-/duplexer2-0.1.4.tgz",
            "integrity": "sha1-ixLauHjA1p4+eJEFFmKjL8a93ME=",
            "requires": {
                "readable-stream": "2.3.6"
            }
        },
        "escape-string-regexp": {
            "version": "1.0.5",
            "resolved": "https://registry.npmjs.org/escape-string-regexp/-/escape-string-regexp-1.0.5.tgz",
            "integrity": "sha1-G2HAViGQqN/2rjuyzwIAyhMLhtQ=",
            "dev": true
        },
        "escodegen": {
            "version": "1.9.1",
            "resolved": "https://registry.npmjs.org/escodegen/-/escodegen-1.9.1.tgz",
            "integrity": "sha512-6hTjO1NAWkHnDk3OqQ4YrCuwwmGHL9S3nPlzBOUG/R44rda3wLNrfvQ5fkSGjyhHFKM7ALPKcKGrwvCLe0lC7Q==",
            "requires": {
                "esprima": "3.1.3",
                "estraverse": "4.2.0",
                "esutils": "2.0.2",
                "optionator": "0.8.2",
                "source-map": "0.6.1"
            },
            "dependencies": {
                "source-map": {
                    "version": "0.6.1",
                    "resolved": "https://registry.npmjs.org/source-map/-/source-map-0.6.1.tgz",
                    "integrity": "sha512-UjgapumWlbMhkBgzT7Ykc5YXUT46F0iKu8SGXq0bcwP5dz/h0Plj6enJqjz1Zbq2l5WaqYnrVbwWOWMyF3F47g==",
                    "optional": true
                }
            }
        },
        "esprima": {
            "version": "3.1.3",
            "resolved": "https://registry.npmjs.org/esprima/-/esprima-3.1.3.tgz",
            "integrity": "sha1-/cpRzuYTOJXjyI1TXOSdv/YqRjM="
        },
        "estraverse": {
            "version": "4.2.0",
            "resolved": "https://registry.npmjs.org/estraverse/-/estraverse-4.2.0.tgz",
            "integrity": "sha1-De4/7TH81GlhjOc0IJn8GvoL2xM="
        },
        "esutils": {
            "version": "2.0.2",
            "resolved": "https://registry.npmjs.org/esutils/-/esutils-2.0.2.tgz",
            "integrity": "sha1-Cr9PHKpbyx96nYrMbepPqqBLrJs="
        },
        "falafel": {
            "version": "2.1.0",
            "resolved": "https://registry.npmjs.org/falafel/-/falafel-2.1.0.tgz",
            "integrity": "sha1-lrsXdh2rqU9G0AFzizzt86Z/4Gw=",
            "requires": {
                "acorn": "5.5.3",
                "foreach": "2.0.5",
                "isarray": "0.0.1",
                "object-keys": "1.0.11"
            },
            "dependencies": {
                "isarray": {
                    "version": "0.0.1",
                    "resolved": "https://registry.npmjs.org/isarray/-/isarray-0.0.1.tgz",
                    "integrity": "sha1-ihis/Kmo9Bd+Cav8YDiTmwXR7t8="
                }
            }
        },
        "fast-levenshtein": {
            "version": "2.0.6",
            "resolved": "https://registry.npmjs.org/fast-levenshtein/-/fast-levenshtein-2.0.6.tgz",
            "integrity": "sha1-PYpcZog6FqMMqGQ+hR8Zuqd5eRc="
        },
        "foreach": {
            "version": "2.0.5",
            "resolved": "https://registry.npmjs.org/foreach/-/foreach-2.0.5.tgz",
            "integrity": "sha1-C+4AUBiusmDQo6865ljdATbsG5k="
        },
        "fs.realpath": {
            "version": "1.0.0",
            "resolved": "https://registry.npmjs.org/fs.realpath/-/fs.realpath-1.0.0.tgz",
            "integrity": "sha1-FQStJSMVjKpA20onh8sBQRmU6k8=",
            "dev": true
        },
        "function-bind": {
            "version": "1.1.1",
            "resolved": "https://registry.npmjs.org/function-bind/-/function-bind-1.1.1.tgz",
            "integrity": "sha512-yIovAzMX49sF8Yl58fSCWJ5svSLuaibPxXQJFLmBObTuCr0Mf1KiPopGM9NiFjiYBCbfaa2Fh6breQ6ANVTI0A=="
        },
        "glob": {
            "version": "7.1.2",
            "resolved": "https://registry.npmjs.org/glob/-/glob-7.1.2.tgz",
            "integrity": "sha512-MJTUg1kjuLeQCJ+ccE4Vpa6kKVXkPYJ2mOCQyUuKLcLQsdrMCpBPUi8qVE6+YuaJkozeA9NusTAw3hLr8Xe5EQ==",
            "dev": true,
            "requires": {
                "fs.realpath": "1.0.0",
                "inflight": "1.0.6",
                "inherits": "2.0.3",
                "minimatch": "3.0.4",
                "once": "1.4.0",
                "path-is-absolute": "1.0.1"
            }
        },
        "graphql": {
            "version": "0.11.7",
            "resolved": "https://registry.npmjs.org/graphql/-/graphql-0.11.7.tgz",
            "integrity": "sha512-x7uDjyz8Jx+QPbpCFCMQ8lltnQa4p4vSYHx6ADe8rVYRTdsyhCJbvSty5DAsLVmU6cGakl+r8HQYolKHxk/tiw==",
            "requires": {
                "iterall": "1.1.3"
            }
        },
        "handlebars": {
            "version": "4.0.11",
            "resolved": "https://registry.npmjs.org/handlebars/-/handlebars-4.0.11.tgz",
            "integrity": "sha1-Ywo13+ApS8KB7a5v/F0yn8eYLcw=",
            "requires": {
                "async": "1.5.2",
                "optimist": "0.6.1",
                "source-map": "0.4.4",
                "uglify-js": "2.8.29"
            }
        },
        "has": {
            "version": "1.0.1",
            "resolved": "https://registry.npmjs.org/has/-/has-1.0.1.tgz",
            "integrity": "sha1-hGFzP1OLCDfJNh45qauelwTcLyg=",
            "requires": {
                "function-bind": "1.1.1"
            }
        },
        "has-ansi": {
            "version": "2.0.0",
            "resolved": "https://registry.npmjs.org/has-ansi/-/has-ansi-2.0.0.tgz",
            "integrity": "sha1-NPUEnOHs3ysGSa8+8k5F7TVBbZE=",
            "dev": true,
            "requires": {
                "ansi-regex": "2.1.1"
            }
        },
        "has-flag": {
            "version": "3.0.0",
            "resolved": "https://registry.npmjs.org/has-flag/-/has-flag-3.0.0.tgz",
            "integrity": "sha1-tdRU3CGZriJWmfNGfloH87lVuv0=",
            "dev": true
        },
        "immutable": {
            "version": "4.0.0-rc.9",
            "resolved": "https://registry.npmjs.org/immutable/-/immutable-4.0.0-rc.9.tgz",
            "integrity": "sha512-uw4u9Jy3G2Y1qkIFtEGy9NgJxFJT1l3HKgeSFHfrvy91T8W54cJoQ+qK3fTwhil8XkEHuc2S+MI+fbD0vKObDA=="
        },
        "inflight": {
            "version": "1.0.6",
            "resolved": "https://registry.npmjs.org/inflight/-/inflight-1.0.6.tgz",
            "integrity": "sha1-Sb1jMdfQLQwJvJEKEHW6gWW1bfk=",
            "dev": true,
            "requires": {
                "once": "1.4.0",
                "wrappy": "1.0.2"
            }
        },
        "inherits": {
            "version": "2.0.3",
            "resolved": "https://registry.npmjs.org/inherits/-/inherits-2.0.3.tgz",
            "integrity": "sha1-Yzwsg+PaQqUC9SRmAiSA9CCCYd4="
        },
        "is-buffer": {
            "version": "1.1.6",
            "resolved": "https://registry.npmjs.org/is-buffer/-/is-buffer-1.1.6.tgz",
            "integrity": "sha512-NcdALwpXkTm5Zvvbk7owOUSvVvBKDgKP5/ewfXEznmQFfs4ZRmanOeKBTjRVjka3QFoN6XJ+9F3USqfHqTaU5w=="
        },
        "isarray": {
            "version": "1.0.0",
            "resolved": "https://registry.npmjs.org/isarray/-/isarray-1.0.0.tgz",
            "integrity": "sha1-u5NdSFgsuhaMBoNJV6VKPgcSTxE="
        },
        "iterall": {
            "version": "1.1.3",
            "resolved": "https://registry.npmjs.org/iterall/-/iterall-1.1.3.tgz",
            "integrity": "sha512-Cu/kb+4HiNSejAPhSaN1VukdNTTi/r4/e+yykqjlG/IW+1gZH5b4+Bq3whDX4tvbYugta3r8KTMUiqT3fIGxuQ=="
        },
        "js-base64": {
            "version": "2.4.3",
            "resolved": "https://registry.npmjs.org/js-base64/-/js-base64-2.4.3.tgz",
            "integrity": "sha512-H7ErYLM34CvDMto3GbD6xD0JLUGYXR3QTcH6B/tr4Hi/QpSThnCsIp+Sy5FRTw3B0d6py4HcNkW7nO/wdtGWEw=="
        },
        "js-tokens": {
            "version": "3.0.2",
            "resolved": "https://registry.npmjs.org/js-tokens/-/js-tokens-3.0.2.tgz",
            "integrity": "sha1-mGbfOVECEw449/mWvOtlRDIJwls=",
            "dev": true
        },
        "js-yaml": {
            "version": "3.11.0",
            "resolved": "https://registry.npmjs.org/js-yaml/-/js-yaml-3.11.0.tgz",
            "integrity": "sha512-saJstZWv7oNeOyBh3+Dx1qWzhW0+e6/8eDzo7p5rDFqxntSztloLtuKu+Ejhtq82jsilwOIZYsCz+lIjthg1Hw==",
            "dev": true,
            "requires": {
                "argparse": "1.0.10",
                "esprima": "4.0.0"
            },
            "dependencies": {
                "esprima": {
                    "version": "4.0.0",
                    "resolved": "https://registry.npmjs.org/esprima/-/esprima-4.0.0.tgz",
                    "integrity": "sha512-oftTcaMu/EGrEIu904mWteKIv8vMuOgGYo7EhVJJN00R/EED9DCua/xxHRdYnKtcECzVg7xOWhflvJMnqcFZjw==",
                    "dev": true
                }
            }
        },
        "kind-of": {
            "version": "3.2.2",
            "resolved": "https://registry.npmjs.org/kind-of/-/kind-of-3.2.2.tgz",
            "integrity": "sha1-MeohpzS6ubuw8yRm2JOupR5KPGQ=",
            "requires": {
                "is-buffer": "1.1.6"
            }
        },
        "lazy-cache": {
            "version": "1.0.4",
            "resolved": "https://registry.npmjs.org/lazy-cache/-/lazy-cache-1.0.4.tgz",
            "integrity": "sha1-odePw6UEdMuAhF07O24dpJpEbo4=",
            "optional": true
        },
        "levn": {
            "version": "0.3.0",
            "resolved": "https://registry.npmjs.org/levn/-/levn-0.3.0.tgz",
            "integrity": "sha1-OwmSTt+fCDwEkP3UwLxEIeBHZO4=",
            "requires": {
                "prelude-ls": "1.1.2",
                "type-check": "0.3.2"
            }
        },
        "lodash": {
            "version": "4.17.10",
            "resolved": "https://registry.npmjs.org/lodash/-/lodash-4.17.10.tgz",
            "integrity": "sha512-UejweD1pDoXu+AD825lWwp4ZGtSwgnpZxb3JDViD7StjQz+Nb/6l093lx4OQ0foGWNRoc19mWy7BzL+UAK2iVg=="
        },
        "longest": {
            "version": "1.0.1",
            "resolved": "https://registry.npmjs.org/longest/-/longest-1.0.1.tgz",
            "integrity": "sha1-MKCy2jj3N3DoKUoNIuZiXtd9AJc="
        },
        "magic-string": {
            "version": "0.22.5",
            "resolved": "https://registry.npmjs.org/magic-string/-/magic-string-0.22.5.tgz",
            "integrity": "sha512-oreip9rJZkzvA8Qzk9HFs8fZGF/u7H/gtrE8EN6RjKJ9kh2HlC+yQ2QezifqTZfGyiuAV0dRv5a+y/8gBb1m9w==",
            "requires": {
                "vlq": "0.2.3"
            }
        },
        "merge-source-map": {
            "version": "1.0.4",
            "resolved": "https://registry.npmjs.org/merge-source-map/-/merge-source-map-1.0.4.tgz",
            "integrity": "sha1-pd5GU42uhNQRTMXqArR3KmNGcB8=",
            "requires": {
                "source-map": "0.5.7"
            },
            "dependencies": {
                "source-map": {
                    "version": "0.5.7",
                    "resolved": "https://registry.npmjs.org/source-map/-/source-map-0.5.7.tgz",
                    "integrity": "sha1-igOdLRAh0i0eoUyA2OpGi6LvP8w="
                }
            }
        },
        "minimatch": {
            "version": "3.0.4",
            "resolved": "https://registry.npmjs.org/minimatch/-/minimatch-3.0.4.tgz",
            "integrity": "sha512-yJHVQEhyqPLUTgt9B83PXu6W3rx4MvvHvSUvToogpwoGDOUQ+yDrR0HRot+yOCdCO7u4hX3pWft6kWBBcqh0UA==",
            "dev": true,
            "requires": {
                "brace-expansion": "1.1.11"
            }
        },
        "minimist": {
            "version": "0.0.10",
            "resolved": "https://registry.npmjs.org/minimist/-/minimist-0.0.10.tgz",
            "integrity": "sha1-3j+YVD2/lggr5IrRoMfNqDYwHc8="
        },
        "object-inspect": {
            "version": "1.4.1",
            "resolved": "https://registry.npmjs.org/object-inspect/-/object-inspect-1.4.1.tgz",
            "integrity": "sha512-wqdhLpfCUbEsoEwl3FXwGyv8ief1k/1aUdIPCqVnupM6e8l63BEJdiF/0swtn04/8p05tG/T0FrpTlfwvljOdw=="
        },
        "object-keys": {
            "version": "1.0.11",
            "resolved": "https://registry.npmjs.org/object-keys/-/object-keys-1.0.11.tgz",
            "integrity": "sha1-xUYBd4rVYPEULODgG8yotW0TQm0="
        },
        "once": {
            "version": "1.4.0",
            "resolved": "https://registry.npmjs.org/once/-/once-1.4.0.tgz",
            "integrity": "sha1-WDsap3WWHUsROsF9nFC6753Xa9E=",
            "dev": true,
            "requires": {
                "wrappy": "1.0.2"
            }
        },
        "optimist": {
            "version": "0.6.1",
            "resolved": "https://registry.npmjs.org/optimist/-/optimist-0.6.1.tgz",
            "integrity": "sha1-2j6nRob6IaGaERwybpDrFaAZZoY=",
            "requires": {
                "minimist": "0.0.10",
                "wordwrap": "0.0.3"
            }
        },
        "optionator": {
            "version": "0.8.2",
            "resolved": "https://registry.npmjs.org/optionator/-/optionator-0.8.2.tgz",
            "integrity": "sha1-NkxeQJ0/TWMB1sC0wFu6UBgK62Q=",
            "requires": {
                "deep-is": "0.1.3",
                "fast-levenshtein": "2.0.6",
                "levn": "0.3.0",
                "prelude-ls": "1.1.2",
                "type-check": "0.3.2",
                "wordwrap": "1.0.0"
            },
            "dependencies": {
                "wordwrap": {
                    "version": "1.0.0",
                    "resolved": "https://registry.npmjs.org/wordwrap/-/wordwrap-1.0.0.tgz",
                    "integrity": "sha1-J1hIEIkUVqQXHI0CJkQa3pDLyus="
                }
            }
        },
        "pako": {
            "version": "1.0.6",
            "resolved": "https://registry.npmjs.org/pako/-/pako-1.0.6.tgz",
            "integrity": "sha512-lQe48YPsMJAig+yngZ87Lus+NF+3mtu7DVOBu6b/gHO1YpKwIj5AWjZ/TOS7i46HD/UixzWb1zeWDZfGZ3iYcg=="
        },
        "parser-toolkit": {
            "version": "0.0.5",
            "resolved": "https://registry.npmjs.org/parser-toolkit/-/parser-toolkit-0.0.5.tgz",
            "integrity": "sha1-7EthcpyGMYtW6pcb+6azxnLWLAE="
        },
        "path-is-absolute": {
            "version": "1.0.1",
            "resolved": "https://registry.npmjs.org/path-is-absolute/-/path-is-absolute-1.0.1.tgz",
            "integrity": "sha1-F0uSaHNVNP+8es5r9TpanhtcX18=",
            "dev": true
        },
        "path-parse": {
            "version": "1.0.5",
            "resolved": "https://registry.npmjs.org/path-parse/-/path-parse-1.0.5.tgz",
            "integrity": "sha1-PBrfhx6pzWyUMbbqK9dKD/BVxME="
        },
        "pluralize": {
            "version": "7.0.0",
            "resolved": "https://registry.npmjs.org/pluralize/-/pluralize-7.0.0.tgz",
            "integrity": "sha512-ARhBOdzS3e41FbkW/XWrTEtukqqLoK5+Z/4UeDaLuSW+39JPeFgs4gCGqsrJHVZX0fUrx//4OF0K1CUGwlIFow=="
        },
        "prelude-ls": {
            "version": "1.1.2",
            "resolved": "https://registry.npmjs.org/prelude-ls/-/prelude-ls-1.1.2.tgz",
            "integrity": "sha1-IZMqVJ9eUv/ZqCf1cOBL5iqX2lQ="
        },
        "process-nextick-args": {
            "version": "2.0.0",
            "resolved": "https://registry.npmjs.org/process-nextick-args/-/process-nextick-args-2.0.0.tgz",
            "integrity": "sha512-MtEC1TqN0EU5nephaJ4rAtThHtC86dNN9qCuEhtshvpVBkAW5ZO7BASN9REnF9eoXGcRub+pFuKEpOHE+HbEMw=="
        },
        "quote-stream": {
            "version": "1.0.2",
            "resolved": "https://registry.npmjs.org/quote-stream/-/quote-stream-1.0.2.tgz",
            "integrity": "sha1-hJY/jJwmuULhU/7rU6rnRlK34LI=",
            "requires": {
                "buffer-equal": "0.0.1",
                "minimist": "1.2.0",
                "through2": "2.0.3"
            },
            "dependencies": {
                "minimist": {
                    "version": "1.2.0",
                    "resolved": "https://registry.npmjs.org/minimist/-/minimist-1.2.0.tgz",
                    "integrity": "sha1-o1AIsg9BOD7sH7kU9M1d95omQoQ="
                }
            }
        },
        "readable-stream": {
            "version": "2.3.6",
            "resolved": "https://registry.npmjs.org/readable-stream/-/readable-stream-2.3.6.tgz",
            "integrity": "sha512-tQtKA9WIAhBF3+VLAseyMqZeBjW0AHJoxOtYqSUZNJxauErmLbVm2FW1y+J/YA9dUrAC39ITejlZWhVIwawkKw==",
            "requires": {
                "core-util-is": "1.0.2",
                "inherits": "2.0.3",
                "isarray": "1.0.0",
                "process-nextick-args": "2.0.0",
                "safe-buffer": "5.1.2",
                "string_decoder": "1.1.1",
                "util-deprecate": "1.0.2"
            }
        },
        "repeat-string": {
            "version": "1.6.1",
            "resolved": "https://registry.npmjs.org/repeat-string/-/repeat-string-1.6.1.tgz",
            "integrity": "sha1-jcrkcOHIirwtYA//Sndihtp15jc="
        },
        "resolve": {
            "version": "1.7.1",
            "resolved": "https://registry.npmjs.org/resolve/-/resolve-1.7.1.tgz",
            "integrity": "sha512-c7rwLofp8g1U+h1KNyHL/jicrKg1Ek4q+Lr33AL65uZTinUZHe30D5HlyN5V9NW0JX1D5dXQ4jqW5l7Sy/kGfw==",
            "requires": {
                "path-parse": "1.0.5"
            }
        },
        "right-align": {
            "version": "0.1.3",
            "resolved": "https://registry.npmjs.org/right-align/-/right-align-0.1.3.tgz",
            "integrity": "sha1-YTObci/mo1FWiSENJOFMlhSGE+8=",
            "optional": true,
            "requires": {
                "align-text": "0.1.4"
            }
        },
        "safe-buffer": {
            "version": "5.1.2",
            "resolved": "https://registry.npmjs.org/safe-buffer/-/safe-buffer-5.1.2.tgz",
            "integrity": "sha512-Gd2UZBJDkXlY7GbJxfsE8/nvKkUEU1G38c1siN6QP6a9PT9MmHB8GnpscSmMJSoF8LOIrt8ud/wPtojys4G6+g=="
        },
        "semver": {
            "version": "5.5.0",
            "resolved": "https://registry.npmjs.org/semver/-/semver-5.5.0.tgz",
            "integrity": "sha512-4SJ3dm0WAwWy/NVeioZh5AntkdJoWKxHxcmyP622fOkgHa4z3R0TdBJICINyaSDE6uNwVc8gZr+ZinwZAH4xIA==",
            "dev": true
        },
        "shallow-copy": {
            "version": "0.0.1",
            "resolved": "https://registry.npmjs.org/shallow-copy/-/shallow-copy-0.0.1.tgz",
            "integrity": "sha1-QV9CcC1z2BAzApLMXuhurhoRoXA="
        },
        "source-map": {
            "version": "0.4.4",
            "resolved": "https://registry.npmjs.org/source-map/-/source-map-0.4.4.tgz",
            "integrity": "sha1-66T12pwNyZneaAMti092FzZSA2s=",
            "requires": {
                "amdefine": "1.0.1"
            }
        },
        "sprintf-js": {
            "version": "1.0.3",
            "resolved": "https://registry.npmjs.org/sprintf-js/-/sprintf-js-1.0.3.tgz",
            "integrity": "sha1-BOaSb2YolTVPPdAVIDYzuFcpfiw=",
            "dev": true
        },
        "static-eval": {
            "version": "2.0.0",
            "resolved": "https://registry.npmjs.org/static-eval/-/static-eval-2.0.0.tgz",
            "integrity": "sha512-6flshd3F1Gwm+Ksxq463LtFd1liC77N/PX1FVVc3OzL3hAmo2fwHFbuArkcfi7s9rTNsLEhcRmXGFZhlgy40uw==",
            "requires": {
                "escodegen": "1.9.1"
            }
        },
        "static-module": {
            "version": "2.2.4",
            "resolved": "https://registry.npmjs.org/static-module/-/static-module-2.2.4.tgz",
            "integrity": "sha512-qlzhn8tYcfLsXK2RTWtkx1v/cqiPtS9eFy+UmQ9UnpEDYcwtgbceOybnKp5JncsOnLI/pyGeyzI9Bej9tv0xiA==",
            "requires": {
                "concat-stream": "1.6.2",
                "convert-source-map": "1.5.1",
                "duplexer2": "0.1.4",
                "escodegen": "1.9.1",
                "falafel": "2.1.0",
                "has": "1.0.1",
                "magic-string": "0.22.5",
                "merge-source-map": "1.0.4",
                "object-inspect": "1.4.1",
                "quote-stream": "1.0.2",
                "readable-stream": "2.3.6",
                "shallow-copy": "0.0.1",
                "static-eval": "2.0.0",
                "through2": "2.0.3"
            }
        },
        "stream-json": {
            "version": "0.5.2",
            "resolved": "https://registry.npmjs.org/stream-json/-/stream-json-0.5.2.tgz",
            "integrity": "sha512-/QlOLybrc6LkH/oVgXo1lJ8oemRIze/grdpfssLn1Pm8nZVhW4VMOqDDYGaORPodQFxiDEUquQJER5LiBu8Ehg==",
            "requires": {
                "parser-toolkit": "0.0.5"
            }
        },
        "string-to-stream": {
            "version": "1.1.1",
            "resolved": "https://registry.npmjs.org/string-to-stream/-/string-to-stream-1.1.1.tgz",
            "integrity": "sha512-QySF2+3Rwq0SdO3s7BAp4x+c3qsClpPQ6abAmb0DGViiSBAkT5kL6JT2iyzEVP+T1SmzHrQD1TwlP9QAHCc+Sw==",
            "requires": {
                "inherits": "2.0.3",
                "readable-stream": "2.3.6"
            }
        },
        "string_decoder": {
            "version": "1.1.1",
            "resolved": "https://registry.npmjs.org/string_decoder/-/string_decoder-1.1.1.tgz",
            "integrity": "sha512-n/ShnvDi6FHbbVfviro+WojiFzv+s8MPMHBczVePfUpDJLwoLT0ht1l4YwBCbi8pJAveEEdnkHyPyTP/mzRfwg==",
            "requires": {
                "safe-buffer": "5.1.2"
            }
        },
        "strip-ansi": {
            "version": "3.0.1",
            "resolved": "https://registry.npmjs.org/strip-ansi/-/strip-ansi-3.0.1.tgz",
            "integrity": "sha1-ajhfuIU9lS1f8F0Oiq+UJ43GPc8=",
            "dev": true,
            "requires": {
                "ansi-regex": "2.1.1"
            }
        },
        "supports-color": {
            "version": "2.0.0",
            "resolved": "https://registry.npmjs.org/supports-color/-/supports-color-2.0.0.tgz",
            "integrity": "sha1-U10EXOa2Nj+kARcIRimZXp3zJMc=",
            "dev": true
        },
        "through2": {
            "version": "2.0.3",
            "resolved": "https://registry.npmjs.org/through2/-/through2-2.0.3.tgz",
            "integrity": "sha1-AARWmzfHx0ujnEPzzteNGtlBQL4=",
            "requires": {
                "readable-stream": "2.3.6",
                "xtend": "4.0.1"
            }
        },
        "tiny-inflate": {
            "version": "1.0.2",
            "resolved": "https://registry.npmjs.org/tiny-inflate/-/tiny-inflate-1.0.2.tgz",
            "integrity": "sha1-k9nez/yIBb1X6uQxDwt0Xptvs6c="
        },
        "tslib": {
            "version": "1.9.0",
            "resolved": "https://registry.npmjs.org/tslib/-/tslib-1.9.0.tgz",
            "integrity": "sha512-f/qGG2tUkrISBlQZEjEqoZ3B2+npJjIf04H1wuAv9iA8i04Icp+61KRXxFdha22670NJopsZCIjhC3SnjPRKrQ==",
            "dev": true
        },
        "tslint": {
            "version": "5.10.0",
            "resolved": "https://registry.npmjs.org/tslint/-/tslint-5.10.0.tgz",
            "integrity": "sha1-EeJrzLiK+gLdDZlWyuPUVAtfVMM=",
            "dev": true,
            "requires": {
                "babel-code-frame": "6.26.0",
                "builtin-modules": "1.1.1",
                "chalk": "2.4.1",
                "commander": "2.15.1",
                "diff": "3.5.0",
                "glob": "7.1.2",
                "js-yaml": "3.11.0",
                "minimatch": "3.0.4",
                "resolve": "1.7.1",
                "semver": "5.5.0",
                "tslib": "1.9.0",
                "tsutils": "2.26.2"
            }
        },
        "tsutils": {
            "version": "2.26.2",
            "resolved": "https://registry.npmjs.org/tsutils/-/tsutils-2.26.2.tgz",
            "integrity": "sha512-uzwnhmrSbyinPCiwfzGsOY3IulBTwoky7r83HmZdz9QNCjhSCzavkh47KLWuU0zF2F2WbpmmzoJUIEiYyd+jEQ==",
            "dev": true,
            "requires": {
                "tslib": "1.9.0"
            }
        },
        "type-check": {
            "version": "0.3.2",
            "resolved": "https://registry.npmjs.org/type-check/-/type-check-0.3.2.tgz",
            "integrity": "sha1-WITKtRLPHTVeP7eE8wgEsrUg23I=",
            "requires": {
                "prelude-ls": "1.1.2"
            }
        },
        "typedarray": {
            "version": "0.0.6",
            "resolved": "https://registry.npmjs.org/typedarray/-/typedarray-0.0.6.tgz",
            "integrity": "sha1-hnrHTjhkGHsdPUfZlqeOxciDB3c="
        },
        "typescript": {
            "version": "2.8.3",
            "resolved": "https://registry.npmjs.org/typescript/-/typescript-2.8.3.tgz",
            "integrity": "sha512-K7g15Bb6Ra4lKf7Iq2l/I5/En+hLIHmxWZGq3D4DIRNFxMNV6j2SHSvDOqs2tGd4UvD/fJvrwopzQXjLrT7Itw==",
            "dev": true
        },
        "uglify-js": {
            "version": "2.8.29",
            "resolved": "https://registry.npmjs.org/uglify-js/-/uglify-js-2.8.29.tgz",
            "integrity": "sha1-KcVzMUgFe7Th913zW3qcty5qWd0=",
            "optional": true,
            "requires": {
                "source-map": "0.5.7",
                "uglify-to-browserify": "1.0.2",
                "yargs": "3.10.0"
            },
            "dependencies": {
                "source-map": {
                    "version": "0.5.7",
                    "resolved": "https://registry.npmjs.org/source-map/-/source-map-0.5.7.tgz",
                    "integrity": "sha1-igOdLRAh0i0eoUyA2OpGi6LvP8w=",
                    "optional": true
                }
            }
        },
        "uglify-to-browserify": {
            "version": "1.0.2",
            "resolved": "https://registry.npmjs.org/uglify-to-browserify/-/uglify-to-browserify-1.0.2.tgz",
            "integrity": "sha1-bgkk1r2mta/jSeOabWMoUKD4grc=",
            "optional": true
        },
        "unicode-properties": {
            "version": "github:quicktype/unicode-properties#d5fddfea1ef9d05c6479a979e225476063e13f52",
            "requires": {
                "brfs": "1.6.1",
                "unicode-trie": "0.3.1"
            }
        },
        "unicode-trie": {
            "version": "0.3.1",
            "resolved": "https://registry.npmjs.org/unicode-trie/-/unicode-trie-0.3.1.tgz",
            "integrity": "sha1-1nHd3YkQGgi6w3tqUWEBBgIFIIU=",
            "requires": {
                "pako": "0.2.9",
                "tiny-inflate": "1.0.2"
            },
            "dependencies": {
                "pako": {
                    "version": "0.2.9",
                    "resolved": "https://registry.npmjs.org/pako/-/pako-0.2.9.tgz",
                    "integrity": "sha1-8/dSL073gjSNqBYbrZ7P1Rv4OnU="
                }
            }
        },
        "urijs": {
            "version": "1.19.1",
            "resolved": "https://registry.npmjs.org/urijs/-/urijs-1.19.1.tgz",
            "integrity": "sha512-xVrGVi94ueCJNrBSTjWqjvtgvl3cyOTThp2zaMaFNGp3F542TR6sM3f2o8RqZl+AwteClSVmoCyt0ka4RjQOQg=="
        },
        "util-deprecate": {
            "version": "1.0.2",
            "resolved": "https://registry.npmjs.org/util-deprecate/-/util-deprecate-1.0.2.tgz",
            "integrity": "sha1-RQ1Nyfpw3nMnYvvS1KKJgUGaDM8="
        },
        "vlq": {
            "version": "0.2.3",
            "resolved": "https://registry.npmjs.org/vlq/-/vlq-0.2.3.tgz",
            "integrity": "sha512-DRibZL6DsNhIgYQ+wNdWDL2SL3bKPlVrRiBqV5yuMm++op8W4kGFtaQfCs4KEJn0wBZcHVHJ3eoywX8983k1ow=="
        },
        "window-size": {
            "version": "0.1.0",
            "resolved": "https://registry.npmjs.org/window-size/-/window-size-0.1.0.tgz",
            "integrity": "sha1-VDjNLqk7IC76Ohn+iIeu58lPnJ0=",
            "optional": true
        },
        "wordwrap": {
            "version": "0.0.3",
            "resolved": "https://registry.npmjs.org/wordwrap/-/wordwrap-0.0.3.tgz",
            "integrity": "sha1-o9XabNXAvAAI03I0u68b7WMFkQc="
        },
        "wrappy": {
            "version": "1.0.2",
            "resolved": "https://registry.npmjs.org/wrappy/-/wrappy-1.0.2.tgz",
            "integrity": "sha1-tSQ9jz7BqjXxNkYFvA0QNuMKtp8=",
            "dev": true
        },
        "xtend": {
            "version": "4.0.1",
            "resolved": "https://registry.npmjs.org/xtend/-/xtend-4.0.1.tgz",
            "integrity": "sha1-pcbVMr5lbiPbgg77lDofBJmNY68="
        },
        "yargs": {
            "version": "3.10.0",
            "resolved": "https://registry.npmjs.org/yargs/-/yargs-3.10.0.tgz",
            "integrity": "sha1-9+572FfdfB0tOMDnTvvWgdFDH9E=",
            "optional": true,
            "requires": {
                "camelcase": "1.2.1",
                "cliui": "2.1.0",
                "decamelize": "1.2.0",
                "window-size": "0.1.0"
            }
        }
    }
}
